
Microsoft Visual Studio Solution File, Format Version 12.00
# Visual Studio 15
VisualStudioVersion = 15.0.27703.2035
MinimumVisualStudioVersion = 10.0.40219.1
Project("{FAE04EC0-301F-11D3-BF4B-00C04F79EFBC}") = "MkCoreLibrary", "..\SafeCloud\MkCoreLibrary\MkCoreLibrary.csproj", "{CC51F63C-5F1C-4C0F-B792-534124567DFC}"
EndProject
Project("{FAE04EC0-301F-11D3-BF4B-00C04F79EFBC}") = "MkCoreLibrary.PlatformManagement", "..\SafeCloud\MkCoreLibrary.PlatfirmManagement\MkCoreLibrary.PlatformManagement.csproj", "{1E46218F-CC9C-41F2-8D1D-5C2146B9067E}"
EndProject
Global
	GlobalSection(SolutionConfigurationPlatforms) = preSolution
		Debug|Any CPU = Debug|Any CPU
		Release|Any CPU = Release|Any CPU
	EndGlobalSection
	GlobalSection(ProjectConfigurationPlatforms) = postSolution
		{CC51F63C-5F1C-4C0F-B792-534124567DFC}.Debug|Any CPU.ActiveCfg = Debug|Any CPU
		{CC51F63C-5F1C-4C0F-B792-534124567DFC}.Debug|Any CPU.Build.0 = Debug|Any CPU
		{CC51F63C-5F1C-4C0F-B792-534124567DFC}.Release|Any CPU.ActiveCfg = Release|Any CPU
		{CC51F63C-5F1C-4C0F-B792-534124567DFC}.Release|Any CPU.Build.0 = Release|Any CPU
		{1E46218F-CC9C-41F2-8D1D-5C2146B9067E}.Debug|Any CPU.ActiveCfg = Debug|Any CPU
		{1E46218F-CC9C-41F2-8D1D-5C2146B9067E}.Debug|Any CPU.Build.0 = Debug|Any CPU
		{1E46218F-CC9C-41F2-8D1D-5C2146B9067E}.Release|Any CPU.ActiveCfg = Release|Any CPU
		{1E46218F-CC9C-41F2-8D1D-5C2146B9067E}.Release|Any CPU.Build.0 = Release|Any CPU
	EndGlobalSection
	GlobalSection(SolutionProperties) = preSolution
		HideSolutionNode = FALSE
	EndGlobalSection
	GlobalSection(ExtensibilityGlobals) = postSolution
		SolutionGuid = {544551B2-A4AC-439A-BA5A-CA4BD7D45CDA}
	EndGlobalSection
EndGlobal
